<?xml version="1.0" encoding="utf-8"?>
<Project ToolsVersion="4.0" xmlns="http://schemas.microsoft.com/developer/msbuild/2003">
  <ItemGroup>
    <Filter Include="Framework">
      <UniqueIdentifier>{93995380-89BD-4b04-88EB-625FBE52EBFB}</UniqueIdentifier>
      <Extensions>h;hpp;hxx;hm;inl;inc;xsd</Extensions>
    </Filter>
    <Filter Include="Game">
      <UniqueIdentifier>{4FC737F1-C7A5-4376-A066-2A32D752A2FF}</UniqueIdentifier>
      <Extensions>cpp;c;cc;cxx;def;odl;idl;hpj;bat;asm;asmx</Extensions>
    </Filter>
  </ItemGroup>
  <ItemGroup>
    <ClCompile Include="Main.cpp">
      <Filter>Game</Filter>
    </ClCompile>
    <ClCompile Include="FileReader.cpp">
      <Filter>Framework</Filter>
    </ClCompile>
    <ClCompile Include="GameFile.cpp">
      <Filter>Framework</Filter>
    </ClCompile>
    <ClCompile Include="ItemFile.cpp">
      <Filter>Framework</Filter>
    </ClCompile>
    <ClCompile Include="MonsterFile.cpp">
      <Filter>Framework</Filter>
    </ClCompile>
    <ClCompile Include="PlayerFile.cpp">
      <Filter>Framework</Filter>
    </ClCompile>
    <ClCompile Include="Game.cpp">
      <Filter>Framework</Filter>
    </ClCompile>
    <ClCompile Include="Object.cpp">
      <Filter>Framework</Filter>
    </ClCompile>
    <ClCompile Include="Observer.cpp">
      <Filter>Framework</Filter>
    </ClCompile>
    <ClCompile Include="StateManager.cpp">
      <Filter>Framework</Filter>
    </ClCompile>
    <ClCompile Include="Timer.cpp">
      <Filter>Framework</Filter>
    </ClCompile>
    <ClCompile Include="FantasyRogue.cpp">
      <Filter>Game</Filter>
    </ClCompile>
    <ClCompile Include="SplashScreen.cpp">
      <Filter>Game</Filter>
    </ClCompile>
    <ClCompile Include="ShopState.cpp">
      <Filter>Game</Filter>
    </ClCompile>
    <ClCompile Include="Map.cpp">
      <Filter>Game</Filter>
    </ClCompile>
    <ClCompile Include="MainMenu.cpp">
      <Filter>Game</Filter>
    </ClCompile>
    <ClCompile Include="GameOver.cpp">
      <Filter>Game</Filter>
    </ClCompile>
    <ClCompile Include="Credits.cpp">
      <Filter>Game</Filter>
    </ClCompile>
    <ClCompile Include="Combat.cpp">
      <Filter>Game</Filter>
    </ClCompile>
    <ClCompile Include="CharecterSelection.cpp">
      <Filter>Game</Filter>
    </ClCompile>
    <ClCompile Include="Collision.cpp">
      <Filter>Game</Filter>
    </ClCompile>
    <ClCompile Include="Border.cpp">
      <Filter>Game</Filter>
    </ClCompile>
    <ClCompile Include="Shop.cpp">
      <Filter>Game</Filter>
    </ClCompile>
    <ClCompile Include="Label.cpp">
      <Filter>Game</Filter>
    </ClCompile>
    <ClCompile Include="Player.cpp">
      <Filter>Game</Filter>
    </ClCompile>
    <ClCompile Include="NPC.cpp">
      <Filter>Game</Filter>
    </ClCompile>
    <ClCompile Include="Character.cpp">
      <Filter>Game</Filter>
    </ClCompile>
    <ClCompile Include="CombatPack.cpp">
      <Filter>Game</Filter>
    </ClCompile>
    <ClCompile Include="HealthPack.cpp">
      <Filter>Game</Filter>
    </ClCompile>
    <ClCompile Include="Item.cpp">
      <Filter>Game</Filter>
    </ClCompile>
    <ClCompile Include="StimulantPack.cpp">
      <Filter>Game</Filter>
    </ClCompile>
    <ClCompile Include="RendererGL.cpp">
      <Filter>Game</Filter>
    </ClCompile>
  </ItemGroup>
  <ItemGroup>
    <ClInclude Include="Main.h">
      <Filter>Framework</Filter>
    </ClInclude>
    <ClInclude Include="Factory.h">
      <Filter>Framework</Filter>
    </ClInclude>
    <ClInclude Include="FileReader.h">
      <Filter>Framework</Filter>
    </ClInclude>
    <ClInclude Include="GameFile.h">
      <Filter>Framework</Filter>
    </ClInclude>
    <ClInclude Include="ItemFile.h">
      <Filter>Framework</Filter>
    </ClInclude>
    <ClInclude Include="MonsterFile.h">
      <Filter>Framework</Filter>
    </ClInclude>
    <ClInclude Include="PlayerFile.h">
      <Filter>Framework</Filter>
    </ClInclude>
    <ClInclude Include="Game.h">
      <Filter>Framework</Filter>
    </ClInclude>
    <ClInclude Include="Object.h">
      <Filter>Framework</Filter>
    </ClInclude>
    <ClInclude Include="Observer.h">
      <Filter>Framework</Filter>
    </ClInclude>
    <ClInclude Include="Renderer.h">
      <Filter>Framework</Filter>
    </ClInclude>
    <ClInclude Include="State.h">
      <Filter>Framework</Filter>
    </ClInclude>
    <ClInclude Include="StateManager.h">
      <Filter>Framework</Filter>
    </ClInclude>
    <ClInclude Include="Timer.h">
      <Filter>Framework</Filter>
    </ClInclude>
    <ClInclude Include="Vector.h">
      <Filter>Framework</Filter>
    </ClInclude>
    <ClInclude Include="FantasyRogue.h">
      <Filter>Game</Filter>
    </ClInclude>
    <ClInclude Include="SplashScreen.h">
      <Filter>Game</Filter>
    </ClInclude>
    <ClInclude Include="States.h">
      <Filter>Game</Filter>
    </ClInclude>
    <ClInclude Include="ShopState.h">
      <Filter>Game</Filter>
    </ClInclude>
    <ClInclude Include="Map.h">
      <Filter>Game</Filter>
    </ClInclude>
    <ClInclude Include="MainMenu.h">
      <Filter>Game</Filter>
    </ClInclude>
    <ClInclude Include="GameOver.h">
      <Filter>Game</Filter>
    </ClInclude>
    <ClInclude Include="Credits.h">
      <Filter>Game</Filter>
    </ClInclude>
    <ClInclude Include="Combat.h">
      <Filter>Game</Filter>
    </ClInclude>
    <ClInclude Include="CharecterSelection.h">
      <Filter>Game</Filter>
    </ClInclude>
    <ClInclude Include="Collision.h">
      <Filter>Game</Filter>
    </ClInclude>
    <ClInclude Include="Border.h">
      <Filter>Game</Filter>
    </ClInclude>
    <ClInclude Include="Objects.h">
      <Filter>Game</Filter>
    </ClInclude>
    <ClInclude Include="Shop.h">
      <Filter>Game</Filter>
    </ClInclude>
    <ClInclude Include="Label.h">
      <Filter>Game</Filter>
    </ClInclude>
    <ClInclude Include="Player.h">
      <Filter>Game</Filter>
    </ClInclude>
    <ClInclude Include="NPC.h">
      <Filter>Game</Filter>
    </ClInclude>
    <ClInclude Include="StimulantPack.h">
      <Filter>Game</Filter>
    </ClInclude>
    <ClInclude Include="Character.h">
      <Filter>Game</Filter>
    </ClInclude>
    <ClInclude Include="CombatPack.h">
      <Filter>Game</Filter>
    </ClInclude>
    <ClInclude Include="HealthPack.h">
      <Filter>Game</Filter>
    </ClInclude>
    <ClInclude Include="Item.h">
      <Filter>Game</Filter>
    </ClInclude>
    <ClInclude Include="RendererGL.h">
      <Filter>Game</Filter>
    </ClInclude>
  </ItemGroup>
</Project>